
Microsoft Visual Studio Solution File, Format Version 12.00
# Visual Studio Version 17
VisualStudioVersion = 17.0.31903.59
MinimumVisualStudioVersion = 10.0.40219.1
Project("{FAE04EC0-301F-11D3-BF4B-00C04F79EFBC}") = "Our.Umbraco.InvisibleNodes", "Our.Umbraco.InvisibleNodes\Our.Umbraco.InvisibleNodes.csproj", "{75CB6D92-3214-406E-A9C5-97E79AA84B8C}"
EndProject
Project("{FAE04EC0-301F-11D3-BF4B-00C04F79EFBC}") = "Our.Umbraco.InvisibleNodes.Tests", "Our.Umbraco.InvisibleNodes.Tests\Our.Umbraco.InvisibleNodes.Tests.csproj", "{8B146C7C-ECA7-47C5-B075-5BF2C87A10FB}"
EndProject
Project("{2150E333-8FDC-42A3-9474-1A3956D46DE8}") = "Package", "Package", "{786844FD-1815-4389-9C7A-37EFE2624101}"
EndProject
Project("{FAE04EC0-301F-11D3-BF4B-00C04F79EFBC}") = "Our.Umbraco.InvisibleNodes.Core", "Our.Umbraco.InvisibleNodes.Core\Our.Umbraco.InvisibleNodes.Core.csproj", "{BCF847D8-88E7-4CEC-9B13-2B98818F5AC0}"
EndProject
Project("{2150E333-8FDC-42A3-9474-1A3956D46DE8}") = "Repository", "Repository", "{506049C3-6BE7-4D4A-8BAA-1F9A9B81EB16}"
	ProjectSection(SolutionItems) = preProject
		..\LICENSE = ..\LICENSE
		..\README.md = ..\README.md
		..\umbraco-marketplace-our.umbraco.invisiblenodes.json = ..\umbraco-marketplace-our.umbraco.invisiblenodes.json
	EndProjectSection
EndProject
Project("{2150E333-8FDC-42A3-9474-1A3956D46DE8}") = "Tests", "Tests", "{4DF87416-F836-4629-A7DB-6AF66B3299C6}"
EndProject
Global
	GlobalSection(SolutionConfigurationPlatforms) = preSolution
		Debug|Any CPU = Debug|Any CPU
		Release|Any CPU = Release|Any CPU
	EndGlobalSection
	GlobalSection(SolutionProperties) = preSolution
		HideSolutionNode = FALSE
	EndGlobalSection
	GlobalSection(ProjectConfigurationPlatforms) = postSolution
		{75CB6D92-3214-406E-A9C5-97E79AA84B8C}.Debug|Any CPU.ActiveCfg = Debug|Any CPU
		{75CB6D92-3214-406E-A9C5-97E79AA84B8C}.Debug|Any CPU.Build.0 = Debug|Any CPU
		{75CB6D92-3214-406E-A9C5-97E79AA84B8C}.Release|Any CPU.ActiveCfg = Release|Any CPU
		{75CB6D92-3214-406E-A9C5-97E79AA84B8C}.Release|Any CPU.Build.0 = Release|Any CPU
		{8B146C7C-ECA7-47C5-B075-5BF2C87A10FB}.Debug|Any CPU.ActiveCfg = Debug|Any CPU
		{8B146C7C-ECA7-47C5-B075-5BF2C87A10FB}.Debug|Any CPU.Build.0 = Debug|Any CPU
		{8B146C7C-ECA7-47C5-B075-5BF2C87A10FB}.Release|Any CPU.ActiveCfg = Release|Any CPU
		{8B146C7C-ECA7-47C5-B075-5BF2C87A10FB}.Release|Any CPU.Build.0 = Release|Any CPU
		{BCF847D8-88E7-4CEC-9B13-2B98818F5AC0}.Debug|Any CPU.ActiveCfg = Debug|Any CPU
		{BCF847D8-88E7-4CEC-9B13-2B98818F5AC0}.Debug|Any CPU.Build.0 = Debug|Any CPU
		{BCF847D8-88E7-4CEC-9B13-2B98818F5AC0}.Release|Any CPU.ActiveCfg = Release|Any CPU
		{BCF847D8-88E7-4CEC-9B13-2B98818F5AC0}.Release|Any CPU.Build.0 = Release|Any CPU
	EndGlobalSection
	GlobalSection(NestedProjects) = preSolution
		{75CB6D92-3214-406E-A9C5-97E79AA84B8C} = {786844FD-1815-4389-9C7A-37EFE2624101}
		{BCF847D8-88E7-4CEC-9B13-2B98818F5AC0} = {786844FD-1815-4389-9C7A-37EFE2624101}
		{8B146C7C-ECA7-47C5-B075-5BF2C87A10FB} = {4DF87416-F836-4629-A7DB-6AF66B3299C6}
	EndGlobalSection
EndGlobal
